{
    "_meta": {
        "hash": {
            "sha256": "0a3162963a2a94312e750cb537f5cdec27634da52a7ca8e58b5a802a9c3bfdfc"
        },
        "pipfile-spec": 6,
        "requires": {
            "python_version": "3.9"
        },
        "sources": [
            {
                "name": "pypi",
                "url": "https://pypi.org/simple",
                "verify_ssl": true
            }
        ]
    },
    "default": {
        "localstoragepy": {
            "hashes": [
                "sha256:4446afc2df066f2dde33430a0fd9416d86515f798346fc9aa16a11f615f20d7e",
                "sha256:bcaaf07a5cbaab65c34cc4532a685b2a44243979d089d8d37a9c612ac743c0bf"
            ],
            "index": "pypi",
            "version": "==0.2.3"
        },
        "pytube": {
            "hashes": [
                "sha256:55df67d864436f8ddad7c91c37f5781793cd7b947be3d6e561282564a18f4d4c",
                "sha256:d90f50889e0765a7ba819f139f30d5f77486de036b57622851ea148a7ff50baf"
            ],
            "index": "pypi",
            "version": "==10.9.2"
        }
    },
    "develop": {
        "altgraph": {
            "hashes": [
                "sha256:1f05a47122542f97028caf78775a095fbe6a2699b5089de8477eb583167d69aa",
                "sha256:c623e5f3408ca61d4016f23a681b9adb100802ca3e3da5e718915a9e4052cebe"
            ],
            "version": "==0.17"
        },
        "macholib": {
            "hashes": [
                "sha256:0c436bc847e7b1d9bda0560351bf76d7caf930fb585a828d13608839ef42c432",
                "sha256:c500f02867515e6c60a27875b408920d18332ddf96b4035ef03beddd782d4281"
            ],
            "markers": "sys_platform == 'darwin'",
            "version": "==1.14"
        },
        "pyinstaller": {
            "hashes": [
                "sha256:0e802c082487719aab6b2a93575819944c008e6e1ba44c7836fc45660a9586c0",
                "sha256:2cfef29a878fc54040e2287c19ea4bdc667f473b59918fcb51a1e68366ecb814",
                "sha256:2ef691eeb360073075b6c355535a15dcdedac28d2ecc8448d34bce671ec2dff4",
                "sha256:4485046ca929e15f6a2db746ce183c14e1fc3c1e8d2102aad8f1403b25d9ebdf",
                "sha256:af3ef0b9f265a2d3859357a25ab16743fbb6143c89fd7c3570cb84b8d24db0ba",
                "sha256:b0f13d0a33b9a21659967db65b475c14645b456dc70ba68fa9cebf4bc29ef58e",
                "sha256:d0b35f885650b9dc69072adf948b608bcb506c5256dd7f0d0967c1f177bb41b1"
            ],
            "index": "pypi",
            "version": "==4.4"
        },
        "pyinstaller-hooks-contrib": {
            "hashes": [
                "sha256:57964f93eb69255c49159ffdf052aae893feed223b0f69773dfd010ca6c569d9",
                "sha256:7f5d0689b30da3092149fc536a835a94045ac8c9f0e6dfb23ac171890f5ea8f2"
            ],
            "version": "==2021.2"
        }
    }
}
